
Microsoft Visual Studio Solution File, Format Version 12.00
# Visual Studio Version 16
Project("{FAE04EC0-301F-11D3-BF4B-00C04F79EFBC}") = "Luck.Walnut.Infrastructure", "src\Luck.Walnut.Infrastructure\Luck.Walnut.Infrastructure.csproj", "{B3732509-0A4D-43CB-B6E5-D482FA5CDB50}"
EndProject
Project("{FAE04EC0-301F-11D3-BF4B-00C04F79EFBC}") = "Luck.Walnut.Api", "src\Luck.Walnut.Api\Luck.Walnut.Api.csproj", "{25021A96-FA52-44E4-AC59-D55009E3056A}"
EndProject
Project("{FAE04EC0-301F-11D3-BF4B-00C04F79EFBC}") = "Luck.Walnut.Application", "src\Luck.Walnut.Application\Luck.Walnut.Application.csproj", "{BAE8AB92-6ACB-47B7-83C5-8E920B9CDB7D}"
EndProject
Project("{FAE04EC0-301F-11D3-BF4B-00C04F79EFBC}") = "Luck.Walnut.Domain", "src\Luck.Walnut.Domain\Luck.Walnut.Domain.csproj", "{FB62B007-BB77-4D06-93F2-985958E06389}"
EndProject
Project("{FAE04EC0-301F-11D3-BF4B-00C04F79EFBC}") = "Luck.Walnut.Domain.Shared", "src\Luck.Walnut.Domain.Shared\Luck.Walnut.Domain.Shared.csproj", "{89BF47FA-94D8-4D7B-AC60-0071A4AFDD14}"
EndProject
Project("{FAE04EC0-301F-11D3-BF4B-00C04F79EFBC}") = "Luck.Walnut.Dto", "src\Luck.Walnut.Dto\Luck.Walnut.Dto.csproj", "{E32B8A3E-245E-45E8-B638-0343A8CBA369}"
EndProject
Project("{FAE04EC0-301F-11D3-BF4B-00C04F79EFBC}") = "Luck.Walnut.Persistence", "src\Luck.Walnut.Persistence\Luck.Walnut.Persistence.csproj", "{10DB609B-3224-4673-BB31-DB5AB833EDD0}"
EndProject
Project("{FAE04EC0-301F-11D3-BF4B-00C04F79EFBC}") = "Luck.Walnut.Query", "src\Luck.Walnut.Query\Luck.Walnut.Query.csproj", "{7BB492DE-E934-410E-863B-57C919A829AF}"
EndProject
Project("{2150E333-8FDC-42A3-9474-1A3956D46DE8}") = "0.Solution Items", "0.Solution Items", "{5F9FF3B8-0F84-4036-A5F0-78D71C496B29}"
	ProjectSection(SolutionItems) = preProject
		Dockerfile = Dockerfile
	EndProjectSection
EndProject
Project("{2150E333-8FDC-42A3-9474-1A3956D46DE8}") = "1.Presentation", "1.Presentation", "{B5C70171-88C1-453B-BAC5-1CB8F39E8DD8}"
EndProject
Project("{2150E333-8FDC-42A3-9474-1A3956D46DE8}") = "2.Application", "2.Application", "{E6F5C9F8-9471-470B-B52C-C450ECA0AC97}"
EndProject
Project("{2150E333-8FDC-42A3-9474-1A3956D46DE8}") = "3.Domain", "3.Domain", "{7334A1EC-397F-4182-8AE9-2B429B90F149}"
EndProject
Project("{2150E333-8FDC-42A3-9474-1A3956D46DE8}") = "4.Infrastructure", "4.Infrastructure", "{6BCCC752-320D-4CED-8820-930477DAD968}"
EndProject
Project("{2150E333-8FDC-42A3-9474-1A3956D46DE8}") = "5.test", "5.test", "{49543FF1-9C08-44FF-92CA-167BFF1A87D7}"
EndProject
Project("{FAE04EC0-301F-11D3-BF4B-00C04F79EFBC}") = "Luck.Walnut.IntegrationTest", "test\Luck.Walnut.IntegrationTest\Luck.Walnut.IntegrationTest.csproj", "{AE3E52C5-DE9B-477B-87D5-7E310618E161}"
EndProject
Project("{FAE04EC0-301F-11D3-BF4B-00C04F79EFBC}") = "Luck.Walnut.Adapter", "src\Luck.Walnut.Adapter\Luck.Walnut.Adapter.csproj", "{2662712E-E7CE-4CFE-BA78-78A47BC19E5A}"
EndProject
Global
	GlobalSection(SolutionConfigurationPlatforms) = preSolution
		Debug|Any CPU = Debug|Any CPU
		Release|Any CPU = Release|Any CPU
	EndGlobalSection
	GlobalSection(ProjectConfigurationPlatforms) = postSolution
		{B3732509-0A4D-43CB-B6E5-D482FA5CDB50}.Debug|Any CPU.ActiveCfg = Debug|Any CPU
		{B3732509-0A4D-43CB-B6E5-D482FA5CDB50}.Debug|Any CPU.Build.0 = Debug|Any CPU
		{B3732509-0A4D-43CB-B6E5-D482FA5CDB50}.Release|Any CPU.ActiveCfg = Release|Any CPU
		{B3732509-0A4D-43CB-B6E5-D482FA5CDB50}.Release|Any CPU.Build.0 = Release|Any CPU
		{25021A96-FA52-44E4-AC59-D55009E3056A}.Debug|Any CPU.ActiveCfg = Debug|Any CPU
		{25021A96-FA52-44E4-AC59-D55009E3056A}.Debug|Any CPU.Build.0 = Debug|Any CPU
		{25021A96-FA52-44E4-AC59-D55009E3056A}.Release|Any CPU.ActiveCfg = Release|Any CPU
		{25021A96-FA52-44E4-AC59-D55009E3056A}.Release|Any CPU.Build.0 = Release|Any CPU
		{BAE8AB92-6ACB-47B7-83C5-8E920B9CDB7D}.Debug|Any CPU.ActiveCfg = Debug|Any CPU
		{BAE8AB92-6ACB-47B7-83C5-8E920B9CDB7D}.Debug|Any CPU.Build.0 = Debug|Any CPU
		{BAE8AB92-6ACB-47B7-83C5-8E920B9CDB7D}.Release|Any CPU.ActiveCfg = Release|Any CPU
		{BAE8AB92-6ACB-47B7-83C5-8E920B9CDB7D}.Release|Any CPU.Build.0 = Release|Any CPU
		{FB62B007-BB77-4D06-93F2-985958E06389}.Debug|Any CPU.ActiveCfg = Debug|Any CPU
		{FB62B007-BB77-4D06-93F2-985958E06389}.Debug|Any CPU.Build.0 = Debug|Any CPU
		{FB62B007-BB77-4D06-93F2-985958E06389}.Release|Any CPU.ActiveCfg = Release|Any CPU
		{FB62B007-BB77-4D06-93F2-985958E06389}.Release|Any CPU.Build.0 = Release|Any CPU
		{89BF47FA-94D8-4D7B-AC60-0071A4AFDD14}.Debug|Any CPU.ActiveCfg = Debug|Any CPU
		{89BF47FA-94D8-4D7B-AC60-0071A4AFDD14}.Debug|Any CPU.Build.0 = Debug|Any CPU
		{89BF47FA-94D8-4D7B-AC60-0071A4AFDD14}.Release|Any CPU.ActiveCfg = Release|Any CPU
		{89BF47FA-94D8-4D7B-AC60-0071A4AFDD14}.Release|Any CPU.Build.0 = Release|Any CPU
		{E32B8A3E-245E-45E8-B638-0343A8CBA369}.Debug|Any CPU.ActiveCfg = Debug|Any CPU
		{E32B8A3E-245E-45E8-B638-0343A8CBA369}.Debug|Any CPU.Build.0 = Debug|Any CPU
		{E32B8A3E-245E-45E8-B638-0343A8CBA369}.Release|Any CPU.ActiveCfg = Release|Any CPU
		{E32B8A3E-245E-45E8-B638-0343A8CBA369}.Release|Any CPU.Build.0 = Release|Any CPU
		{10DB609B-3224-4673-BB31-DB5AB833EDD0}.Debug|Any CPU.ActiveCfg = Debug|Any CPU
		{10DB609B-3224-4673-BB31-DB5AB833EDD0}.Debug|Any CPU.Build.0 = Debug|Any CPU
		{10DB609B-3224-4673-BB31-DB5AB833EDD0}.Release|Any CPU.ActiveCfg = Release|Any CPU
		{10DB609B-3224-4673-BB31-DB5AB833EDD0}.Release|Any CPU.Build.0 = Release|Any CPU
		{7BB492DE-E934-410E-863B-57C919A829AF}.Debug|Any CPU.ActiveCfg = Debug|Any CPU
		{7BB492DE-E934-410E-863B-57C919A829AF}.Debug|Any CPU.Build.0 = Debug|Any CPU
		{7BB492DE-E934-410E-863B-57C919A829AF}.Release|Any CPU.ActiveCfg = Release|Any CPU
		{7BB492DE-E934-410E-863B-57C919A829AF}.Release|Any CPU.Build.0 = Release|Any CPU
		{AE3E52C5-DE9B-477B-87D5-7E310618E161}.Debug|Any CPU.ActiveCfg = Debug|Any CPU
		{AE3E52C5-DE9B-477B-87D5-7E310618E161}.Debug|Any CPU.Build.0 = Debug|Any CPU
		{AE3E52C5-DE9B-477B-87D5-7E310618E161}.Release|Any CPU.ActiveCfg = Release|Any CPU
		{AE3E52C5-DE9B-477B-87D5-7E310618E161}.Release|Any CPU.Build.0 = Release|Any CPU
		{2662712E-E7CE-4CFE-BA78-78A47BC19E5A}.Debug|Any CPU.ActiveCfg = Debug|Any CPU
		{2662712E-E7CE-4CFE-BA78-78A47BC19E5A}.Debug|Any CPU.Build.0 = Debug|Any CPU
		{2662712E-E7CE-4CFE-BA78-78A47BC19E5A}.Release|Any CPU.ActiveCfg = Release|Any CPU
		{2662712E-E7CE-4CFE-BA78-78A47BC19E5A}.Release|Any CPU.Build.0 = Release|Any CPU
	EndGlobalSection
	GlobalSection(NestedProjects) = preSolution
		{25021A96-FA52-44E4-AC59-D55009E3056A} = {B5C70171-88C1-453B-BAC5-1CB8F39E8DD8}
		{BAE8AB92-6ACB-47B7-83C5-8E920B9CDB7D} = {E6F5C9F8-9471-470B-B52C-C450ECA0AC97}
		{E32B8A3E-245E-45E8-B638-0343A8CBA369} = {E6F5C9F8-9471-470B-B52C-C450ECA0AC97}
		{FB62B007-BB77-4D06-93F2-985958E06389} = {7334A1EC-397F-4182-8AE9-2B429B90F149}
		{89BF47FA-94D8-4D7B-AC60-0071A4AFDD14} = {7334A1EC-397F-4182-8AE9-2B429B90F149}
		{B3732509-0A4D-43CB-B6E5-D482FA5CDB50} = {6BCCC752-320D-4CED-8820-930477DAD968}
		{10DB609B-3224-4673-BB31-DB5AB833EDD0} = {6BCCC752-320D-4CED-8820-930477DAD968}
		{7BB492DE-E934-410E-863B-57C919A829AF} = {E6F5C9F8-9471-470B-B52C-C450ECA0AC97}
		{AE3E52C5-DE9B-477B-87D5-7E310618E161} = {49543FF1-9C08-44FF-92CA-167BFF1A87D7}
		{2662712E-E7CE-4CFE-BA78-78A47BC19E5A} = {6BCCC752-320D-4CED-8820-930477DAD968}
	EndGlobalSection
EndGlobal
